
Microsoft Visual Studio Solution File, Format Version 12.00
# Visual Studio Version 17
VisualStudioVersion = 17.13.35825.156
MinimumVisualStudioVersion = 10.0.40219.1
Project("{FAE04EC0-301F-11D3-BF4B-00C04F79EFBC}") = "ChatSupport.Api", "ChatSupport.Api\ChatSupport.Api.csproj", "{CD376D4A-04BB-4761-9A48-EE5BFF4E0791}"
EndProject
Project("{FAE04EC0-301F-11D3-BF4B-00C04F79EFBC}") = "ChatSupport.Application", "ChatSupport.Application\ChatSupport.Application.csproj", "{890A55C2-8297-4F84-A88F-5A07A3EC37B3}"
EndProject
Project("{FAE04EC0-301F-11D3-BF4B-00C04F79EFBC}") = "ChatSupport.Domain", "ChatSupport.Domain\ChatSupport.Domain.csproj", "{40629EBE-F21C-4F7F-9794-C2FA91D50A0E}"
EndProject
Project("{FAE04EC0-301F-11D3-BF4B-00C04F79EFBC}") = "ChatSupport.Infrastructure", "ChatSupport.Infrastructure\ChatSupport.Infrastructure.csproj", "{F525CA9A-86F4-48EB-AB61-045CCEFE8344}"
EndProject
Project("{FAE04EC0-301F-11D3-BF4B-00C04F79EFBC}") = "ChatSupport.Tests", "ChatSupport.Tests\ChatSupport.Tests.csproj", "{E07E40DC-E620-485F-AEE9-D1BA3A1202D7}"
EndProject
Global
	GlobalSection(SolutionConfigurationPlatforms) = preSolution
		Debug|Any CPU = Debug|Any CPU
		Release|Any CPU = Release|Any CPU
	EndGlobalSection
	GlobalSection(ProjectConfigurationPlatforms) = postSolution
		{CD376D4A-04BB-4761-9A48-EE5BFF4E0791}.Debug|Any CPU.ActiveCfg = Debug|Any CPU
		{CD376D4A-04BB-4761-9A48-EE5BFF4E0791}.Debug|Any CPU.Build.0 = Debug|Any CPU
		{CD376D4A-04BB-4761-9A48-EE5BFF4E0791}.Release|Any CPU.ActiveCfg = Release|Any CPU
		{CD376D4A-04BB-4761-9A48-EE5BFF4E0791}.Release|Any CPU.Build.0 = Release|Any CPU
		{890A55C2-8297-4F84-A88F-5A07A3EC37B3}.Debug|Any CPU.ActiveCfg = Debug|Any CPU
		{890A55C2-8297-4F84-A88F-5A07A3EC37B3}.Debug|Any CPU.Build.0 = Debug|Any CPU
		{890A55C2-8297-4F84-A88F-5A07A3EC37B3}.Release|Any CPU.ActiveCfg = Release|Any CPU
		{890A55C2-8297-4F84-A88F-5A07A3EC37B3}.Release|Any CPU.Build.0 = Release|Any CPU
		{40629EBE-F21C-4F7F-9794-C2FA91D50A0E}.Debug|Any CPU.ActiveCfg = Debug|Any CPU
		{40629EBE-F21C-4F7F-9794-C2FA91D50A0E}.Debug|Any CPU.Build.0 = Debug|Any CPU
		{40629EBE-F21C-4F7F-9794-C2FA91D50A0E}.Release|Any CPU.ActiveCfg = Release|Any CPU
		{40629EBE-F21C-4F7F-9794-C2FA91D50A0E}.Release|Any CPU.Build.0 = Release|Any CPU
		{F525CA9A-86F4-48EB-AB61-045CCEFE8344}.Debug|Any CPU.ActiveCfg = Debug|Any CPU
		{F525CA9A-86F4-48EB-AB61-045CCEFE8344}.Debug|Any CPU.Build.0 = Debug|Any CPU
		{F525CA9A-86F4-48EB-AB61-045CCEFE8344}.Release|Any CPU.ActiveCfg = Release|Any CPU
		{F525CA9A-86F4-48EB-AB61-045CCEFE8344}.Release|Any CPU.Build.0 = Release|Any CPU
		{E07E40DC-E620-485F-AEE9-D1BA3A1202D7}.Debug|Any CPU.ActiveCfg = Debug|Any CPU
		{E07E40DC-E620-485F-AEE9-D1BA3A1202D7}.Debug|Any CPU.Build.0 = Debug|Any CPU
		{E07E40DC-E620-485F-AEE9-D1BA3A1202D7}.Release|Any CPU.ActiveCfg = Release|Any CPU
		{E07E40DC-E620-485F-AEE9-D1BA3A1202D7}.Release|Any CPU.Build.0 = Release|Any CPU
	EndGlobalSection
	GlobalSection(SolutionProperties) = preSolution
		HideSolutionNode = FALSE
	EndGlobalSection
	GlobalSection(ExtensibilityGlobals) = postSolution
		SolutionGuid = {AAFE21EE-5C7C-4890-BD8C-6E5274FB4BB6}
	EndGlobalSection
EndGlobal
